# This file was autogenerated by uv via the following command:
#    uv pip compile pyproject.toml -o uv.lock
aliyun-python-sdk-core==2.16.0
    # via
    #   aliyun-python-sdk-kms
    #   aliyun-python-sdk-sts
    #   lbg
    #   oss2
aliyun-python-sdk-kms==2.16.5
    # via
    #   lbg
    #   oss2
aliyun-python-sdk-sts==3.1.2
    # via lbg
annotated-types==0.7.0
    # via pydantic
anyio==4.9.0
    # via
    #   httpx
    #   mcp
    #   sse-starlette
    #   starlette
argcomplete==3.6.2
    # via lbg
array-api-compat==1.12.0
    # via deepmd-kit
ase==3.25.0
    # via dpa (pyproject.toml)
bcrypt==4.3.0
    # via paramiko
bibtexparser==1.4.3
    # via pymatgen
blinker==1.9.0
    # via flask
bracex==2.5.post1
    # via wcmatch
certifi==2025.4.26
    # via
    #   httpcore
    #   httpx
    #   requests
cffi==1.17.1
    # via
    #   cryptography
    #   pynacl
charset-normalizer==3.4.2
    # via requests
click==8.2.1
    # via
    #   flask
    #   science-agent-sdk
    #   uvicorn
colorama==0.4.6
    # via
    #   lbg
    #   mendeleev
contourpy==1.3.2
    # via matplotlib
crcmod==1.7
    # via oss2
cryptography==45.0.3
    # via
    #   aliyun-python-sdk-core
    #   paramiko
cycler==0.12.1
    # via matplotlib
dargs==0.4.10
    # via
    #   deepmd-kit
    #   dpdispatcher
deepmd-kit==3.0.3
    # via dpa (pyproject.toml)
deprecated==1.2.18
    # via mendeleev
dpdata==0.2.24
    # via dpa (pyproject.toml)
dpdispatcher==0.6.9
    # via science-agent-sdk
flask==3.1.1
    # via dpa (pyproject.toml)
fonttools==4.58.1
    # via matplotlib
h11==0.16.0
    # via
    #   httpcore
    #   uvicorn
h5py==3.13.0
    # via
    #   deepmd-kit
    #   dpdata
    #   phonopy
httpcore==1.0.9
    # via httpx
httpx==0.28.1
    # via mcp
httpx-sse==0.4.0
    # via mcp
idna==3.10
    # via
    #   anyio
    #   httpx
    #   requests
itsdangerous==2.2.0
    # via flask
jinja2==3.1.6
    # via flask
jmespath==0.10.0
    # via aliyun-python-sdk-core
joblib==1.5.1
    # via pymatgen
jsonpickle==4.1.1
    # via science-agent-sdk
kiwisolver==1.4.8
    # via matplotlib
lbg==1.2.29
    # via science-agent-sdk
markupsafe==3.0.2
    # via
    #   flask
    #   jinja2
    #   werkzeug
matplotlib==3.10.3
    # via
    #   dpa (pyproject.toml)
    #   ase
    #   phonopy
    #   pymatgen
mcp==1.9.2
    # via science-agent-sdk
mendeleev==1.0.0
    # via deepmd-kit
ml-dtypes==0.5.1
    # via deepmd-kit
monty==2025.3.3
    # via
    #   dpdata
    #   pymatgen
mpmath==1.3.0
    # via sympy
narwhals==1.41.0
    # via plotly
networkx==3.5
    # via pymatgen
numpy==2.2.6
    # via
    #   dpa (pyproject.toml)
    #   ase
    #   contourpy
    #   deepmd-kit
    #   dpdata
    #   h5py
    #   matplotlib
    #   mendeleev
    #   ml-dtypes
    #   monty
    #   pandas
    #   phonopy
    #   pymatgen
    #   scipy
    #   seekpath
    #   spglib
    #   symfc
orjson==3.10.18
    # via pymatgen
oss2==2.19.1
    # via lbg
packaging==25.0
    # via
    #   deepmd-kit
    #   lbg
    #   matplotlib
    #   plotly
palettable==3.3.3
    # via pymatgen
pandas==2.2.3
    # via
    #   lbg
    #   mendeleev
    #   pymatgen
paramiko==3.5.1
    # via dpdispatcher
phonopy==2.38.2
    # via dpa (pyproject.toml)
pillow==11.2.1
    # via matplotlib
plotly==6.1.2
    # via pymatgen
psutil==7.0.0
    # via science-agent-sdk
pycparser==2.22
    # via cffi
pycryptodome==3.23.0
    # via oss2
pydantic==2.11.5
    # via
    #   mcp
    #   mendeleev
    #   pydantic-settings
pydantic-core==2.33.2
    # via pydantic
pydantic-settings==2.9.1
    # via mcp
pyfiglet==0.8.post1
    # via mendeleev
pygments==2.19.1
    # via mendeleev
pyhumps==3.8.0
    # via lbg
pymatgen==2025.5.28
    # via dpa (pyproject.toml)
pynacl==1.5.0
    # via paramiko
pyparsing==3.2.3
    # via
    #   bibtexparser
    #   matplotlib
pyreadline==2.1
    # via lbg
pyreadline3==3.5.4
    # via lbg
python-dateutil==2.9.0.post0
    # via
    #   matplotlib
    #   pandas
python-dotenv==1.1.0
    # via
    #   pydantic-settings
    #   science-agent-sdk
python-multipart==0.0.20
    # via mcp
pytimeparse==1.1.8
    # via lbg
pytz==2025.2
    # via pandas
pyyaml==6.0.2
    # via
    #   dpa (pyproject.toml)
    #   deepmd-kit
    #   dpdispatcher
    #   lbg
    #   phonopy
readchar==4.2.1
    # via lbg
requests==2.32.3
    # via
    #   dpa (pyproject.toml)
    #   dpdispatcher
    #   lbg
    #   oss2
    #   pymatgen
    #   requests-toolbelt
requests-toolbelt==1.0.0
    # via lbg
ruamel-yaml==0.18.12
    # via
    #   monty
    #   pymatgen
ruamel-yaml-clib==0.2.12
    # via ruamel-yaml
science-agent-sdk==0.1.7
    # via dpa (pyproject.toml)
scipy==1.15.3
    # via
    #   dpa (pyproject.toml)
    #   ase
    #   deepmd-kit
    #   dpdata
    #   pymatgen
    #   symfc
seekpath==2.1.0
    # via dpa (pyproject.toml)
six==1.17.0
    # via
    #   oss2
    #   python-dateutil
sniffio==1.3.1
    # via anyio
spglib==2.6.0
    # via
    #   dpa (pyproject.toml)
    #   phonopy
    #   pymatgen
    #   seekpath
    #   symfc
sqlalchemy==2.0.41
    # via mendeleev
sse-starlette==2.3.6
    # via mcp
starlette==0.47.0
    # via mcp
symfc==1.4.0
    # via phonopy
sympy==1.14.0
    # via pymatgen
tabulate==0.9.0
    # via pymatgen
tqdm==4.67.1
    # via
    #   dpdispatcher
    #   lbg
    #   pymatgen
typeguard==4.4.2
    # via dargs
typing-extensions==4.13.2
    # via
    #   dpa (pyproject.toml)
    #   anyio
    #   pydantic
    #   pydantic-core
    #   science-agent-sdk
    #   spglib
    #   sqlalchemy
    #   typeguard
    #   typing-inspection
typing-inspection==0.4.1
    # via
    #   pydantic
    #   pydantic-settings
tzdata==2025.2
    # via pandas
uncertainties==3.2.3
    # via pymatgen
urllib3==2.4.0
    # via requests
uvicorn==0.34.3
    # via mcp
validators==0.35.0
    # via lbg
wcmatch==10.0
    # via
    #   deepmd-kit
    #   dpdata
werkzeug==3.1.3
    # via flask
wrapt==1.17.2
    # via deprecated
