# This file was autogenerated by uv via the following command:
#    uv pip compile --extra rdkit pyproject.toml --output-file=uv.lock
certifi==2025.4.26
    # via requests
charset-normalizer==3.4.2
    # via requests
idna==3.10
    # via requests
numpy==2.2.6
    # via rdkit
pillow==11.2.1
    # via rdkit
rdkit==2025.3.2
    # via pubchem-mcp-server (pyproject.toml)
requests==2.32.3
    # via pubchem-mcp-server (pyproject.toml)
urllib3==2.4.0
    # via requests
